
Microsoft Visual Studio Solution File, Format Version 12.00
# Visual Studio Version 17
VisualStudioVersion = 17.5.33516.290
MinimumVisualStudioVersion = 10.0.40219.1
Project("{FAE04EC0-301F-11D3-BF4B-00C04F79EFBC}") = "Dom8", "Dom8\Dom8.csproj", "{1E1E7B99-131A-472F-A0B4-B9D003652D47}"
EndProject
Global
	GlobalSection(SolutionConfigurationPlatforms) = preSolution
		Debug|Any CPU = Debug|Any CPU
		Release|Any CPU = Release|Any CPU
	EndGlobalSection
	GlobalSection(ProjectConfigurationPlatforms) = postSolution
		{1E1E7B99-131A-472F-A0B4-B9D003652D47}.Debug|Any CPU.ActiveCfg = Debug|Any CPU
		{1E1E7B99-131A-472F-A0B4-B9D003652D47}.Debug|Any CPU.Build.0 = Debug|Any CPU
		{1E1E7B99-131A-472F-A0B4-B9D003652D47}.Release|Any CPU.ActiveCfg = Release|Any CPU
		{1E1E7B99-131A-472F-A0B4-B9D003652D47}.Release|Any CPU.Build.0 = Release|Any CPU
	EndGlobalSection
	GlobalSection(SolutionProperties) = preSolution
		HideSolutionNode = FALSE
	EndGlobalSection
	GlobalSection(ExtensibilityGlobals) = postSolution
		SolutionGuid = {355CBCB6-710D-4D67-92EB-547F919A1979}
	EndGlobalSection
EndGlobal
